{
  "nodes": {
    "lean4": {
      "inputs": {
        "nixpkgs": "nixpkgs",
        "nixpkgs-old": "nixpkgs-old",
        "nixpkgs-older": "nixpkgs-older"
      },
      "locked": {
        "lastModified": 1783450541,
        "narHash": "sha256-IpLcc7Teo8YV5C0QwiAJGkmwQhbzu9Yz5SZoMx7d8GY=",
        "owner": "leanprover",
        "repo": "lean4",
        "rev": "04353737a1e81967cf2ee93837151d19f8477c3d",
        "type": "github"
      },
      "original": {
        "owner": "leanprover",
        "repo": "lean4",
        "type": "github"
      }
    },
    "nixpkgs": {
      "locked": {
        "lastModified": 1769018530,
        "narHash": "sha256-S/5RU76BdQ32bbE99a+G9gMuatpVWEvIfeSjEqyoFS4=",
        "rev": "88d3861acdd3d2f0e361767018218e51810df8a1",
        "type": "tarball",
        "url": "https://releases.nixos.org/nixos/unstable/nixos-26.05pre931542.88d3861acdd3/nixexprs.tar.xz"
      },
      "original": {
        "type": "tarball",
        "url": "https://channels.nixos.org/nixos-unstable/nixexprs.tar.xz"
      }
    },
    "nixpkgs-old": {
      "flake": false,
      "locked": {
        "lastModified": 1582018169,
        "narHash": "sha256-qv1iK1IchpZKSeWL3NEs4U5Jl5QVyNHDdiMJvLOI4Yc=",
        "type": "tarball",
        "url": "https://releases.nixos.org/nixos/19.03/nixos-19.03.173691.34c7eb7545d/nixexprs.tar.xz"
      },
      "original": {
        "type": "tarball",
        "url": "https://channels.nixos.org/nixos-19.03/nixexprs.tar.xz"
      }
    },
    "nixpkgs-older": {
      "flake": false,
      "locked": {
        "lastModified": 1550657948,
        "narHash": "sha256-BE0XqzNfzvhhtTXv37LyySyq4moL7z1i1hMvwbFNL/I=",
        "type": "tarball",
        "url": "https://releases.nixos.org/nixos/18.03/nixos-18.03.133402.cb0e20d6db9/nixexprs.tar.xz"
      },
      "original": {
        "type": "tarball",
        "url": "https://channels.nixos.org/nixos-18.03/nixexprs.tar.xz"
      }
    },
    "nixpkgs_2": {
      "locked": {
        "lastModified": 1783224372,
        "narHash": "sha256-8i/87eeoqiGE4yOTjwSA3Eh/ziJRQEmd/unYU+K27sk=",
        "owner": "nixos",
        "repo": "nixpkgs",
        "rev": "d407951447dcd00442e97087bf374aad70c04cea",
        "type": "github"
      },
      "original": {
        "owner": "nixos",
        "ref": "nixos-unstable",
        "repo": "nixpkgs",
        "type": "github"
      }
    },
    "root": {
      "inputs": {
        "lean4": "lean4",
        "nixpkgs": "nixpkgs_2"
      }
    }
  },
  "root": "root",
  "version": 7
}
